
Microsoft Visual Studio Solution File, Format Version 12.00
Project("{FAE04EC0-301F-11D3-BF4B-00C04F79EFBC}") = "Recruter", "Recruter\Recruter.csproj", "{35111EED-8613-4EAE-BF16-1AF18761F936}"
EndProject
Global
	GlobalSection(SolutionConfigurationPlatforms) = preSolution
		Debug|Any CPU = Debug|Any CPU
		Release|Any CPU = Release|Any CPU
	EndGlobalSection
	GlobalSection(ProjectConfigurationPlatforms) = postSolution
		{35111EED-8613-4EAE-BF16-1AF18761F936}.Debug|Any CPU.ActiveCfg = Debug|Any CPU
		{35111EED-8613-4EAE-BF16-1AF18761F936}.Debug|Any CPU.Build.0 = Debug|Any CPU
		{35111EED-8613-4EAE-BF16-1AF18761F936}.Release|Any CPU.ActiveCfg = Release|Any CPU
		{35111EED-8613-4EAE-BF16-1AF18761F936}.Release|Any CPU.Build.0 = Release|Any CPU
	EndGlobalSection
EndGlobal
